{
  "name": "yt-anchor-action",
  "lockfileVersion": 2,
  "requires": true,
  "packages": {
    "": {
      "dependencies": {
        "@fabricio-191/youtube": "^0.0.4"
      }
    },
    "node_modules/@fabricio-191/youtube": {
      "version": "0.0.4",
      "resolved": "https://registry.npmjs.org/@fabricio-191/youtube/-/youtube-0.0.4.tgz",
      "integrity": "sha512-Sy6GVmIck6rSOy+mIRddcNK6i46Qrr87H/dz7alb+IWJgeG4gZ+pY0wwSQMrgKPv63plaKOuckLl6xsmF0okWA=="
    }
  },
  "dependencies": {
    "@fabricio-191/youtube": {
      "version": "0.0.4",
      "resolved": "https://registry.npmjs.org/@fabricio-191/youtube/-/youtube-0.0.4.tgz",
      "integrity": "sha512-Sy6GVmIck6rSOy+mIRddcNK6i46Qrr87H/dz7alb+IWJgeG4gZ+pY0wwSQMrgKPv63plaKOuckLl6xsmF0okWA=="
    }
  }
}
